<?xml version="1.0" encoding="utf-8"?>
<Project ToolsVersion="4.0" xmlns="http://schemas.microsoft.com/developer/msbuild/2003">
  <ItemGroup>
    <Filter Include="Resource Files">
      <UniqueIdentifier>{67DA6AB6-F800-4c08-8B7A-83BB121AAD01}</UniqueIdentifier>
      <Extensions>rc;ico;cur;bmp;dlg;rc2;rct;bin;rgs;gif;jpg;jpeg;jpe;resx;tiff;tif;png;wav;mfcribbon-ms</Extensions>
    </Filter>
    <Filter Include="Engine">
      <UniqueIdentifier>{3de7846a-50f4-4ab4-b7bf-d12518bfdb16}</UniqueIdentifier>
    </Filter>
    <Filter Include="Engine\Core">
      <UniqueIdentifier>{c2afce2d-22be-4f96-84c2-9db1b80e25b7}</UniqueIdentifier>
    </Filter>
    <Filter Include="Engine\Systems">
      <UniqueIdentifier>{2c14d2c2-851a-4c16-8683-c81a4bd3f40c}</UniqueIdentifier>
    </Filter>
    <Filter Include="Engine\Entity Component System">
      <UniqueIdentifier>{657cef2d-7a43-4e43-91e9-a64e6ac5dad5}</UniqueIdentifier>
    </Filter>
    <Filter Include="Engine\Entity Component System\Components">
      <UniqueIdentifier>{fc74c7b1-f524-4fc2-88eb-77ae5d1c3ec0}</UniqueIdentifier>
    </Filter>
    <Filter Include="Engine\Entity Component System\Entity">
      <UniqueIdentifier>{4b788cc7-025c-402c-a32a-f3b0d0e14c70}</UniqueIdentifier>
    </Filter>
    <Filter Include="External">
      <UniqueIdentifier>{5d2f5d26-67a0-4d0c-8b0f-b10a66b0cd4f}</UniqueIdentifier>
    </Filter>
    <Filter Include="Engine\Messaging">
      <UniqueIdentifier>{f1a03209-d55a-4108-be00-8a49c37a779e}</UniqueIdentifier>
    </Filter>
    <Filter Include="Engine\Systems\Core">
      <UniqueIdentifier>{9b26cd4e-3380-4616-8c4e-3205736f0cdf}</UniqueIdentifier>
    </Filter>
    <Filter Include="Engine\Systems\Core\Window">
      <UniqueIdentifier>{902de7de-a4c5-4d4c-8562-b4e67e4871bb}</UniqueIdentifier>
    </Filter>
    <Filter Include="Engine\Systems\Core\Time">
      <UniqueIdentifier>{c067ea98-e5d2-4ea0-a14a-54b4400af31f}</UniqueIdentifier>
    </Filter>
    <Filter Include="Engine\Systems\Component Systems">
      <UniqueIdentifier>{7081b69e-ec1e-485a-a14e-20df182f8715}</UniqueIdentifier>
    </Filter>
  </ItemGroup>
  <ItemGroup>
    <ClCompile Include="src\Application.cpp">
      <Filter>Engine\Core</Filter>
    </ClCompile>
    <ClCompile Include="src\EngineSandbox.cpp">
      <Filter>Engine\Core</Filter>
    </ClCompile>
    <ClCompile Include="src\Time.cpp">
      <Filter>Engine\Systems\Core\Time</Filter>
    </ClCompile>
    <ClCompile Include="src\Window.cpp">
      <Filter>Engine\Systems\Core\Window</Filter>
    </ClCompile>
    <ClCompile Include="src\WindowManager.cpp">
      <Filter>Engine\Systems\Core\Window</Filter>
    </ClCompile>
    <ClCompile Include="src\World.cpp">
      <Filter>Engine\Entity Component System</Filter>
    </ClCompile>
    <ClCompile Include="src\Entity.cpp">
      <Filter>Engine\Entity Component System\Entity</Filter>
    </ClCompile>
    <ClCompile Include="src\EntityManager.cpp">
      <Filter>Engine\Entity Component System\Entity</Filter>
    </ClCompile>
    <ClCompile Include="src\glad.c">
      <Filter>External</Filter>
    </ClCompile>
  </ItemGroup>
  <ItemGroup>
    <ClInclude Include="src\Application.h">
      <Filter>Engine\Core</Filter>
    </ClInclude>
    <ClInclude Include="src\Time.h">
      <Filter>Engine\Systems\Core\Time</Filter>
    </ClInclude>
    <ClInclude Include="src\Window.h">
      <Filter>Engine\Systems\Core\Window</Filter>
    </ClInclude>
    <ClInclude Include="src\WindowManager.h">
      <Filter>Engine\Systems\Core\Window</Filter>
    </ClInclude>
    <ClInclude Include="src\World.h">
      <Filter>Engine\Entity Component System</Filter>
    </ClInclude>
    <ClInclude Include="src\ComponentManager.h">
      <Filter>Engine\Entity Component System\Components</Filter>
    </ClInclude>
    <ClInclude Include="src\Components.h">
      <Filter>Engine\Entity Component System\Components</Filter>
    </ClInclude>
    <ClInclude Include="src\Entity.h">
      <Filter>Engine\Entity Component System\Entity</Filter>
    </ClInclude>
    <ClInclude Include="src\EntityManager.h">
      <Filter>Engine\Entity Component System\Entity</Filter>
    </ClInclude>
    <ClInclude Include="src\IComponent.h">
      <Filter>Engine\Entity Component System\Components</Filter>
    </ClInclude>
    <ClInclude Include="src\MessageBus.h">
      <Filter>Engine\Messaging</Filter>
    </ClInclude>
    <ClInclude Include="src\MessageTypes.h">
      <Filter>Engine\Messaging</Filter>
    </ClInclude>
    <ClInclude Include="src\ISystem.h">
      <Filter>Engine\Systems</Filter>
    </ClInclude>
    <ClInclude Include="ComponentType.h">
      <Filter>Engine\Entity Component System\Components</Filter>
    </ClInclude>
    <ClInclude Include="Archetype.h">
      <Filter>Engine\Entity Component System\Components</Filter>
    </ClInclude>
  </ItemGroup>
  <ItemGroup>
    <None Include="src\Entity.inl">
      <Filter>Engine\Entity Component System\Entity</Filter>
    </None>
  </ItemGroup>
</Project>