<?xml version="1.0" encoding="utf-8"?>
<Project ToolsVersion="4.0" xmlns="http://schemas.microsoft.com/developer/msbuild/2003">
  <ItemGroup>
    <Filter Include="Resource Files">
      <UniqueIdentifier>{67DA6AB6-F800-4c08-8B7A-83BB121AAD01}</UniqueIdentifier>
      <Extensions>rc;ico;cur;bmp;dlg;rc2;rct;bin;rgs;gif;jpg;jpeg;jpe;resx;tiff;tif;png;wav;mfcribbon-ms</Extensions>
    </Filter>
    <Filter Include="Engine">
      <UniqueIdentifier>{3de7846a-50f4-4ab4-b7bf-d12518bfdb16}</UniqueIdentifier>
    </Filter>
    <Filter Include="Engine\Core">
      <UniqueIdentifier>{c2afce2d-22be-4f96-84c2-9db1b80e25b7}</UniqueIdentifier>
    </Filter>
    <Filter Include="Engine\Systems">
      <UniqueIdentifier>{2c14d2c2-851a-4c16-8683-c81a4bd3f40c}</UniqueIdentifier>
    </Filter>
    <Filter Include="Engine\Messaging">
      <UniqueIdentifier>{f1a03209-d55a-4108-be00-8a49c37a779e}</UniqueIdentifier>
    </Filter>
    <Filter Include="External">
      <UniqueIdentifier>{5d2f5d26-67a0-4d0c-8b0f-b10a66b0cd4f}</UniqueIdentifier>
    </Filter>
    <Filter Include="Engine\Entity Component System">
      <UniqueIdentifier>{657cef2d-7a43-4e43-91e9-a64e6ac5dad5}</UniqueIdentifier>
    </Filter>
    <Filter Include="Engine\Entity Component System\Components">
      <UniqueIdentifier>{fc74c7b1-f524-4fc2-88eb-77ae5d1c3ec0}</UniqueIdentifier>
    </Filter>
    <Filter Include="Engine\Entity Component System\Entity">
      <UniqueIdentifier>{4b788cc7-025c-402c-a32a-f3b0d0e14c70}</UniqueIdentifier>
    </Filter>
    <Filter Include="Helpers">
      <UniqueIdentifier>{ee230339-05e3-45ac-b05f-ab01c52dcc00}</UniqueIdentifier>
    </Filter>
    <Filter Include="Sandboxing">
      <UniqueIdentifier>{d2174dd4-2060-4ec1-a53e-a342c86dec39}</UniqueIdentifier>
    </Filter>
    <Filter Include="Sandboxing\Physics Collision Test">
      <UniqueIdentifier>{55cfc9c4-4bad-444f-822c-f287deb5871d}</UniqueIdentifier>
    </Filter>
    <Filter Include="Engine\Systems\ISystem Independent">
      <UniqueIdentifier>{66cc4778-e1be-4169-b891-fbc852d388c0}</UniqueIdentifier>
    </Filter>
    <Filter Include="Engine\Systems\ISystem Dependent">
      <UniqueIdentifier>{9b26cd4e-3380-4616-8c4e-3205736f0cdf}</UniqueIdentifier>
    </Filter>
    <Filter Include="Engine\Systems\ISystem Dependent\Time">
      <UniqueIdentifier>{c067ea98-e5d2-4ea0-a14a-54b4400af31f}</UniqueIdentifier>
    </Filter>
    <Filter Include="Engine\Systems\ISystem Dependent\Graphics">
      <UniqueIdentifier>{667dac92-3aef-4eeb-aba4-af03ecd87b5f}</UniqueIdentifier>
    </Filter>
    <Filter Include="Engine\Systems\ISystem Dependent\Font">
      <UniqueIdentifier>{03cee0fd-278e-41ad-9d3d-ae4a597f81e9}</UniqueIdentifier>
    </Filter>
    <Filter Include="Engine\Systems\ISystem Dependent\Physics">
      <UniqueIdentifier>{c06e09d6-2f0c-447d-bb4e-176c712e4030}</UniqueIdentifier>
    </Filter>
    <Filter Include="Engine\Systems\ISystem Independent\Window">
      <UniqueIdentifier>{902de7de-a4c5-4d4c-8562-b4e67e4871bb}</UniqueIdentifier>
    </Filter>
    <Filter Include="Engine\Systems\ISystem Independent\Input">
      <UniqueIdentifier>{3724a06d-1fe0-4a00-bbbc-51d113375e37}</UniqueIdentifier>
    </Filter>
    <Filter Include="Engine\Systems\ISystem Independent\Scripting">
      <UniqueIdentifier>{fea8b48e-c897-4deb-88ef-8d6f84822628}</UniqueIdentifier>
    </Filter>
    <Filter Include="Engine\Systems\ISystem Dependent\Scene">
      <UniqueIdentifier>{0e64a6f7-4617-4ad7-ba74-a6503a78df4d}</UniqueIdentifier>
    </Filter>
    <Filter Include="Sandboxing\GameObjectFactory Test">
      <UniqueIdentifier>{ee44bc4e-c4f4-481d-a73f-2ddd98693170}</UniqueIdentifier>
    </Filter>
    <Filter Include="Math">
      <UniqueIdentifier>{f3aeaf44-64a5-4f47-a71b-54bd00471200}</UniqueIdentifier>
    </Filter>
  </ItemGroup>
  <ItemGroup>
    <ClCompile Include="src\Application.cpp">
      <Filter>Engine\Core</Filter>
    </ClCompile>
    <ClCompile Include="src\Time.cpp">
      <Filter>Engine\Systems\ISystem Dependent\Time</Filter>
    </ClCompile>
    <ClCompile Include="src\Window.cpp">
      <Filter>Engine\Systems\ISystem Independent\Window</Filter>
    </ClCompile>
    <ClCompile Include="src\WindowManager.cpp">
      <Filter>Engine\Systems\ISystem Independent\Window</Filter>
    </ClCompile>
    <ClCompile Include="src\World.cpp">
      <Filter>Engine\Entity Component System</Filter>
    </ClCompile>
    <ClCompile Include="src\Entity.cpp">
      <Filter>Engine\Entity Component System\Entity</Filter>
    </ClCompile>
    <ClCompile Include="src\EntityManager.cpp">
      <Filter>Engine\Entity Component System\Entity</Filter>
    </ClCompile>
    <ClCompile Include="src\glad.c">
      <Filter>External</Filter>
    </ClCompile>
    <ClCompile Include="src\World.cpp">
      <Filter>Engine\Entity Component System</Filter>
    </ClCompile>
    <ClCompile Include="src\Entity.cpp">
      <Filter>Engine\Entity Component System\Entity</Filter>
    </ClCompile>
    <ClCompile Include="src\EntityManager.cpp">
      <Filter>Engine\Entity Component System\Entity</Filter>
    </ClCompile>
    <ClCompile Include="src\graphics\renderer.cpp">
      <Filter>Engine\Systems\ISystem Dependent\Graphics</Filter>
    </ClCompile>
    <ClCompile Include="src\graphics\shader.cpp">
      <Filter>Engine\Systems\ISystem Dependent\Graphics</Filter>
    </ClCompile>
    <ClCompile Include="src\graphics\sprite.cpp">
      <Filter>Engine\Systems\ISystem Dependent\Graphics</Filter>
    </ClCompile>
    <ClCompile Include="src\graphics\font.cpp">
      <Filter>Engine\Systems\ISystem Dependent\Font</Filter>
    </ClCompile>
    <ClCompile Include="src\Input.cpp">
      <Filter>Engine\Systems\ISystem Independent\Input</Filter>
    </ClCompile>
    <ClCompile Include="src\Window.cpp">
      <Filter>Source Files</Filter>
    </ClCompile>
    <ClCompile Include="src\graphics\shader.cpp">
      <Filter>Source Files</Filter>
    </ClCompile>
    <ClCompile Include="src\graphics\renderer.cpp">
      <Filter>Source Files</Filter>
    </ClCompile>
    <ClCompile Include="src\graphics\sprite.cpp">
      <Filter>Source Files</Filter>
    </ClCompile>
    <ClCompile Include="src\Input.cpp">
      <Filter>Source Files</Filter>
    </ClCompile>
    <ClCompile Include="src\EngineSandbox.cpp">
      <Filter>Sandboxing</Filter>
    </ClCompile>
    <ClCompile Include="src\Physics2D.cpp">
      <Filter>Engine\Systems\ISystem Dependent\Physics</Filter>
    </ClCompile>
    <ClCompile Include="src\Renderer2D.cpp">
      <Filter>Engine\Systems\ISystem Dependent\Graphics</Filter>
    </ClCompile>
    <ClCompile Include="src\PhysicsCollision2DTest.cpp">
      <Filter>Sandboxing\Physics Collision Test</Filter>
    </ClCompile>
    <ClCompile Include="src\BehaviourSystem.cpp">
      <Filter>Engine\Systems\ISystem Independent\Scripting</Filter>
    </ClCompile>
    <ClCompile Include="src\Scene.cpp">
      <Filter>Engine\Systems\ISystem Dependent\Scene</Filter>
    </ClCompile>
    <ClCompile Include="src\SandboxGame.cpp">
      <Filter>Sandboxing</Filter>
    </ClCompile>
    <ClCompile Include="src\SceneManager.cpp">
      <Filter>Engine\Systems\ISystem Dependent\Scene</Filter>
    </ClCompile>
    <ClCompile Include="src\graphics\texture.cpp" />
    <ClCompile Include="src\graphics\debugDraw2D.cpp" />
    <ClCompile Include="src\Overlay.cpp" />
    <ClCompile Include="src\GraphicsTest.cpp">
      <Filter>Sandboxing\Physics Collision Test</Filter>
    </ClCompile>
    <ClCompile Include="src\graphics\SpriteMetaData.cpp">
      <Filter>Engine\Systems\ISystem Dependent\Graphics</Filter>
    </ClCompile>
    <ClCompile Include="src\graphics\TextureCache.cpp">
      <Filter>Engine\Systems\ISystem Dependent\Graphics</Filter>
    </ClCompile>
    <ClCompile Include="src\GameObjectFactoryTest.cpp">
      <Filter>Sandboxing\GameObjectFactory Test</Filter>
    </ClCompile>
    <ClCompile Include="src\graphics\polygon-utils.cpp">
      <Filter>Helpers</Filter>
    </ClCompile>
    <ClCompile Include="src\Collision.cpp">
      <Filter>Engine\Systems\ISystem Dependent\Physics</Filter>
    </ClCompile>
    <ClCompile Include="src\DynamicCollision.cpp">
      <Filter>Engine\Systems\ISystem Dependent\Physics</Filter>
    </ClCompile>
    <ClCompile Include="src\Math\Matrix3x3.cpp">
      <Filter>Math</Filter>
    </ClCompile>
    <ClCompile Include="src\Math\Matrix4x4.cpp">
      <Filter>Math</Filter>
    </ClCompile>
    <ClCompile Include="src\Math\Vector2D.cpp">
      <Filter>Math</Filter>
    </ClCompile>
    <ClCompile Include="src\Math\Vector3D.cpp">
      <Filter>Math</Filter>
    </ClCompile>
    <ClCompile Include="src\Math\Vector4D.cpp">
      <Filter>Math</Filter>
    </ClCompile>
    <ClCompile Include="src\SerializationTest.cpp">
      <Filter>Sandboxing\Physics Collision Test</Filter>
    </ClCompile>
  </ItemGroup>
  <ItemGroup>
    <ClInclude Include="include\Application.h">
      <Filter>Engine\Core</Filter>
    </ClInclude>
    <ClInclude Include="include\systems\Time.h">
      <Filter>Engine\Systems\ISystem Dependent\Time</Filter>
    </ClInclude>
    <ClInclude Include="include\systems\Window.h">
      <Filter>Engine\Systems\ISystem Independent\Window</Filter>
    </ClInclude>
    <ClInclude Include="include\systems\WindowManager.h">
      <Filter>Engine\Systems\ISystem Independent\Window</Filter>
    </ClInclude>
    <ClInclude Include="include\ecs\World.h">
      <Filter>Engine\Entity Component System</Filter>
    </ClInclude>
    <ClInclude Include="include\ecs\ComponentManager.h">
      <Filter>Engine\Entity Component System\Components</Filter>
    </ClInclude>
    <ClInclude Include="include\ecs\Components.h">
      <Filter>Engine\Entity Component System\Components</Filter>
    </ClInclude>
    <ClInclude Include="include\ecs\Entity.h">
      <Filter>Engine\Entity Component System\Entity</Filter>
    </ClInclude>
    <ClInclude Include="include\ecs\EntityManager.h">
      <Filter>Engine\Entity Component System\Entity</Filter>
    </ClInclude>
    <ClInclude Include="include\ecs\IComponent.h">
      <Filter>Engine\Entity Component System\Components</Filter>
    </ClInclude>
    <ClInclude Include="include\messaging\MessageBus.h">
      <Filter>Engine\Messaging</Filter>
    </ClInclude>
    <ClInclude Include="include\messaging\MessageTypes.h">
      <Filter>Engine\Messaging</Filter>
    </ClInclude>
    <ClInclude Include="include\ecs\ISystem.h">
      <Filter>Engine\Systems</Filter>
    </ClInclude>
    <ClInclude Include="include\graphics\renderer.hpp">
      <Filter>Engine\Systems\ISystem Dependent\Graphics</Filter>
    </ClInclude>
    <ClInclude Include="include\graphics\shader.hpp">
      <Filter>Engine\Systems\ISystem Dependent\Graphics</Filter>
    </ClInclude>
    <ClInclude Include="include\graphics\sprite.hpp">
      <Filter>Engine\Systems\ISystem Dependent\Graphics</Filter>
    </ClInclude>
    <ClInclude Include="include\graphics\font.hpp">
      <Filter>Engine\Systems\ISystem Dependent\Font</Filter>
    </ClInclude>
    <ClInclude Include="include\Input.h">
      <Filter>Engine\Systems\ISystem Independent\Input</Filter>
    </ClInclude>
    <ClInclude Include="include\graphics\sprite.hpp">
      <Filter>Header Files</Filter>
    </ClInclude>
    <ClInclude Include="include\Input.h">
      <Filter>Header Files</Filter>
    </ClInclude>
    <ClInclude Include="include\Color.h" />
    <ClInclude Include="include\Math\MathHelper.h">
      <Filter>Helpers</Filter>
    </ClInclude>
    <ClInclude Include="include\Physics2D.h">
      <Filter>Engine\Systems\ISystem Dependent\Physics</Filter>
    </ClInclude>
    <ClInclude Include="include\Renderer2D.h">
      <Filter>Engine\Systems\ISystem Dependent\Graphics</Filter>
    </ClInclude>
    <ClInclude Include="include\PhysicsCollision2DTest.h">
      <Filter>Sandboxing\Physics Collision Test</Filter>
    </ClInclude>
    <ClInclude Include="include\Game.h">
      <Filter>Engine</Filter>
    </ClInclude>
    <ClInclude Include="include\systems\Behaviour.h">
      <Filter>Engine\Systems\ISystem Independent\Scripting</Filter>
    </ClInclude>
    <ClInclude Include="include\systems\BehaviourSystem.h">
      <Filter>Engine\Systems\ISystem Independent\Scripting</Filter>
    </ClInclude>
    <ClInclude Include="include\ecs\Scene.h">
      <Filter>Engine\Systems\ISystem Dependent\Scene</Filter>
    </ClInclude>
    <ClInclude Include="include\ecs\SceneManager.h">
      <Filter>Engine\Systems\ISystem Dependent\Scene</Filter>
    </ClInclude>
    <ClInclude Include="include\SandboxGame.h">
      <Filter>Sandboxing</Filter>
    </ClInclude>
    <ClInclude Include="include\graphics\texture.hpp" />
    <ClInclude Include="include\graphics\debugDraw2D.hpp" />
    <ClInclude Include="include\graphics\vertex.hpp" />
    <ClInclude Include="include\GraphicsTest.hpp">
      <Filter>Sandboxing\Physics Collision Test</Filter>
    </ClInclude>
    <ClInclude Include="include\graphics\SpriteMetaData.hpp">
      <Filter>Engine\Systems\ISystem Dependent\Graphics</Filter>
    </ClInclude>
    <ClInclude Include="include\graphics\TextureCache.hpp">
      <Filter>Engine\Systems\ISystem Dependent\Graphics</Filter>
    </ClInclude>
    <ClInclude Include="include\ecs\GameObjectFactory.h">
      <Filter>Engine\Entity Component System</Filter>
    </ClInclude>
    <ClInclude Include="include\GameObjectFactoryTest.h">
      <Filter>Sandboxing\GameObjectFactory Test</Filter>
    </ClInclude>
    <ClInclude Include="include\GLHelper.h">
      <Filter>Helpers</Filter>
    </ClInclude>
    <ClInclude Include="include\graphics\polygon-utils.hpp">
      <Filter>Helpers</Filter>
    </ClInclude>
    <ClInclude Include="src\Collision.h">
      <Filter>Engine\Systems\ISystem Dependent\Physics</Filter>
    </ClInclude>
    <ClInclude Include="include\DynamicCollision.h">
      <Filter>Engine\Systems\ISystem Dependent\Physics</Filter>
    </ClInclude>
    <ClInclude Include="include\Math\Matrix3x3.h">
      <Filter>Math</Filter>
    </ClInclude>
    <ClInclude Include="include\Math\Matrix4x4.h">
      <Filter>Math</Filter>
    </ClInclude>
    <ClInclude Include="include\Math\Vector2D.h">
      <Filter>Math</Filter>
    </ClInclude>
    <ClInclude Include="include\Math\Vector3D.h">
      <Filter>Math</Filter>
    </ClInclude>
    <ClInclude Include="include\Math\Vector4D.h">
      <Filter>Math</Filter>
    </ClInclude>
    <ClInclude Include="include\EntitySerializer.h" />
    <ClInclude Include="include\Serialization.h" />
    <ClInclude Include="include\SerializationTest.h">
      <Filter>Sandboxing\Physics Collision Test</Filter>
    </ClInclude>
  </ItemGroup>
  <ItemGroup>
    <None Include="src\Entity.inl">
      <Filter>Engine\Entity Component System\Entity</Filter>
    </None>
    <None Include="src\World.inl">
      <Filter>Engine\Entity Component System</Filter>
    </None>
  </ItemGroup>
</Project>